
Microsoft Visual Studio Solution File, Format Version 12.00
# Visual Studio Version 16
VisualStudioVersion = 16.0.30709.132
MinimumVisualStudioVersion = 10.0.40219.1
Project("{FAE04EC0-301F-11D3-BF4B-00C04F79EFBC}") = "exercicio Foreach", "exercicio Foreach.csproj", "{24231E61-A426-4FBC-881D-B77353C90734}"
EndProject
Global
	GlobalSection(SolutionConfigurationPlatforms) = preSolution
		Debug|Any CPU = Debug|Any CPU
		Release|Any CPU = Release|Any CPU
	EndGlobalSection
	GlobalSection(ProjectConfigurationPlatforms) = postSolution
		{24231E61-A426-4FBC-881D-B77353C90734}.Debug|Any CPU.ActiveCfg = Debug|Any CPU
		{24231E61-A426-4FBC-881D-B77353C90734}.Debug|Any CPU.Build.0 = Debug|Any CPU
		{24231E61-A426-4FBC-881D-B77353C90734}.Release|Any CPU.ActiveCfg = Release|Any CPU
		{24231E61-A426-4FBC-881D-B77353C90734}.Release|Any CPU.Build.0 = Release|Any CPU
	EndGlobalSection
	GlobalSection(SolutionProperties) = preSolution
		HideSolutionNode = FALSE
	EndGlobalSection
	GlobalSection(ExtensibilityGlobals) = postSolution
		SolutionGuid = {75C59CD8-17F5-4198-B7B9-4E0494FA1582}
	EndGlobalSection
EndGlobal
