
Microsoft Visual Studio Solution File, Format Version 12.00
# Visual Studio Version 16
VisualStudioVersion = 16.0.30709.132
MinimumVisualStudioVersion = 10.0.40219.1
Project("{FAE04EC0-301F-11D3-BF4B-00C04F79EFBC}") = "Chamar métodos da Biblioteca de Classes", "Chamar métodos da Biblioteca de Classes.csproj", "{57326C00-5CCD-4624-96B8-0397A40E5D85}"
EndProject
Global
	GlobalSection(SolutionConfigurationPlatforms) = preSolution
		Debug|Any CPU = Debug|Any CPU
		Release|Any CPU = Release|Any CPU
	EndGlobalSection
	GlobalSection(ProjectConfigurationPlatforms) = postSolution
		{57326C00-5CCD-4624-96B8-0397A40E5D85}.Debug|Any CPU.ActiveCfg = Debug|Any CPU
		{57326C00-5CCD-4624-96B8-0397A40E5D85}.Debug|Any CPU.Build.0 = Debug|Any CPU
		{57326C00-5CCD-4624-96B8-0397A40E5D85}.Release|Any CPU.ActiveCfg = Release|Any CPU
		{57326C00-5CCD-4624-96B8-0397A40E5D85}.Release|Any CPU.Build.0 = Release|Any CPU
	EndGlobalSection
	GlobalSection(SolutionProperties) = preSolution
		HideSolutionNode = FALSE
	EndGlobalSection
	GlobalSection(ExtensibilityGlobals) = postSolution
		SolutionGuid = {4935A903-2904-468F-B59F-AC6000214DD3}
	EndGlobalSection
EndGlobal
