
Microsoft Visual Studio Solution File, Format Version 12.00
# Visual Studio Version 16
VisualStudioVersion = 16.0.30709.132
MinimumVisualStudioVersion = 10.0.40219.1
Project("{FAE04EC0-301F-11D3-BF4B-00C04F79EFBC}") = "Do While (2)", "Do While (2).csproj", "{0F7D0964-4B71-4713-AC7B-138DAA5F617A}"
EndProject
Global
	GlobalSection(SolutionConfigurationPlatforms) = preSolution
		Debug|Any CPU = Debug|Any CPU
		Release|Any CPU = Release|Any CPU
	EndGlobalSection
	GlobalSection(ProjectConfigurationPlatforms) = postSolution
		{0F7D0964-4B71-4713-AC7B-138DAA5F617A}.Debug|Any CPU.ActiveCfg = Debug|Any CPU
		{0F7D0964-4B71-4713-AC7B-138DAA5F617A}.Debug|Any CPU.Build.0 = Debug|Any CPU
		{0F7D0964-4B71-4713-AC7B-138DAA5F617A}.Release|Any CPU.ActiveCfg = Release|Any CPU
		{0F7D0964-4B71-4713-AC7B-138DAA5F617A}.Release|Any CPU.Build.0 = Release|Any CPU
	EndGlobalSection
	GlobalSection(SolutionProperties) = preSolution
		HideSolutionNode = FALSE
	EndGlobalSection
	GlobalSection(ExtensibilityGlobals) = postSolution
		SolutionGuid = {72CC3B55-0252-4D1B-B040-FE8C0077E6C8}
	EndGlobalSection
EndGlobal
