
Microsoft Visual Studio Solution File, Format Version 12.00
# Visual Studio Version 16
VisualStudioVersion = 16.0.30804.86
MinimumVisualStudioVersion = 10.0.40219.1
Project("{FAE04EC0-301F-11D3-BF4B-00C04F79EFBC}") = "Desafio reversao de letras em palavras", "Desafio reversao de letras em palavras.csproj", "{4C9214B1-F4EF-4BDF-825A-2FE533495EAA}"
EndProject
Global
	GlobalSection(SolutionConfigurationPlatforms) = preSolution
		Debug|Any CPU = Debug|Any CPU
		Release|Any CPU = Release|Any CPU
	EndGlobalSection
	GlobalSection(ProjectConfigurationPlatforms) = postSolution
		{4C9214B1-F4EF-4BDF-825A-2FE533495EAA}.Debug|Any CPU.ActiveCfg = Debug|Any CPU
		{4C9214B1-F4EF-4BDF-825A-2FE533495EAA}.Debug|Any CPU.Build.0 = Debug|Any CPU
		{4C9214B1-F4EF-4BDF-825A-2FE533495EAA}.Release|Any CPU.ActiveCfg = Release|Any CPU
		{4C9214B1-F4EF-4BDF-825A-2FE533495EAA}.Release|Any CPU.Build.0 = Release|Any CPU
	EndGlobalSection
	GlobalSection(SolutionProperties) = preSolution
		HideSolutionNode = FALSE
	EndGlobalSection
	GlobalSection(ExtensibilityGlobals) = postSolution
		SolutionGuid = {CEED919A-5F4B-4D75-97FE-F57752A60304}
	EndGlobalSection
EndGlobal
